
Microsoft Visual Studio Solution File, Format Version 12.00
# Visual Studio Version 16
VisualStudioVersion = 16.0.31205.134
MinimumVisualStudioVersion = 10.0.40219.1
Project("{FAE04EC0-301F-11D3-BF4B-00C04F79EFBC}") = "MyScriptureJournal", "MyScriptureJournal.csproj", "{3F19E8AE-53C0-4F79-8131-353E435DD12F}"
EndProject
Global
	GlobalSection(SolutionConfigurationPlatforms) = preSolution
		Debug|Any CPU = Debug|Any CPU
		Release|Any CPU = Release|Any CPU
	EndGlobalSection
	GlobalSection(ProjectConfigurationPlatforms) = postSolution
		{3F19E8AE-53C0-4F79-8131-353E435DD12F}.Debug|Any CPU.ActiveCfg = Debug|Any CPU
		{3F19E8AE-53C0-4F79-8131-353E435DD12F}.Debug|Any CPU.Build.0 = Debug|Any CPU
		{3F19E8AE-53C0-4F79-8131-353E435DD12F}.Release|Any CPU.ActiveCfg = Release|Any CPU
		{3F19E8AE-53C0-4F79-8131-353E435DD12F}.Release|Any CPU.Build.0 = Release|Any CPU
	EndGlobalSection
	GlobalSection(SolutionProperties) = preSolution
		HideSolutionNode = FALSE
	EndGlobalSection
	GlobalSection(ExtensibilityGlobals) = postSolution
		SolutionGuid = {EADA1D5A-20DE-4503-9192-689982945E70}
	EndGlobalSection
EndGlobal
